// !$*UTF8*$!
{
	archiveVersion = 1;
	classes = {
	};
	objectVersion = 50;
	objects = {

/* Begin PBXBuildFile section */
		4A028980222D7C50009D6AFE /* LargeDitloItemCell.swift in Sources */ = {isa = PBXBuildFile; fileRef = 4A02897F222D7C50009D6AFE /* LargeDitloItemCell.swift */; };
		4A028982222D7C62009D6AFE /* DefaultDitloItemCell.swift in Sources */ = {isa = PBXBuildFile; fileRef = 4A028981222D7C62009D6AFE /* DefaultDitloItemCell.swift */; };
		4A028984222D962D009D6AFE /* DitloPlayerPopupVC.swift in Sources */ = {isa = PBXBuildFile; fileRef = 4A028983222D962D009D6AFE /* DitloPlayerPopupVC.swift */; };
		4A3DA2862200B8DA005207D8 /* RoundProfilePictureView.swift in Sources */ = {isa = PBXBuildFile; fileRef = 4A3DA2852200B8DA005207D8 /* RoundProfilePictureView.swift */; };
		4A3DA28A2200D34F005207D8 /* CustomCalendarModal.swift in Sources */ = {isa = PBXBuildFile; fileRef = 4A3DA2892200D34F005207D8 /* CustomCalendarModal.swift */; };
		4A3DA28D220107FC005207D8 /* SharedModalsService.swift in Sources */ = {isa = PBXBuildFile; fileRef = 4A3DA28C220107FC005207D8 /* SharedModalsService.swift */; };
		4A3DA29122011428005207D8 /* CustomCalendarCell.swift in Sources */ = {isa = PBXBuildFile; fileRef = 4A3DA29022011428005207D8 /* CustomCalendarCell.swift */; };
		4A3DA293220123BB005207D8 /* Date.swift in Sources */ = {isa = PBXBuildFile; fileRef = 4A3DA292220123BB005207D8 /* Date.swift */; };
		4A57EEEC22258D8D008A96D0 /* NavigationCell.swift in Sources */ = {isa = PBXBuildFile; fileRef = 4A57EEEB22258D8D008A96D0 /* NavigationCell.swift */; };
		4A5D45992240F97C000AB2D0 /* SearchNavBar.swift in Sources */ = {isa = PBXBuildFile; fileRef = 4A5D45982240F97C000AB2D0 /* SearchNavBar.swift */; };
		4A5D459B22410BBE000AB2D0 /* SearchResultsNavBar.swift in Sources */ = {isa = PBXBuildFile; fileRef = 4A5D459A22410BBE000AB2D0 /* SearchResultsNavBar.swift */; };
		4A5D459D22410BD3000AB2D0 /* SearchResultsVC.swift in Sources */ = {isa = PBXBuildFile; fileRef = 4A5D459C22410BD3000AB2D0 /* SearchResultsVC.swift */; };
		4A717DEF22316A35008DE1F8 /* SectionCell.swift in Sources */ = {isa = PBXBuildFile; fileRef = 4A717DEE22316A35008DE1F8 /* SectionCell.swift */; };
		4A717DF1223172B4008DE1F8 /* UserCell.swift in Sources */ = {isa = PBXBuildFile; fileRef = 4A717DF0223172B4008DE1F8 /* UserCell.swift */; };
		4A717E2B22369141008EED78 /* Sizes.swift in Sources */ = {isa = PBXBuildFile; fileRef = 4A717E2A22369141008EED78 /* Sizes.swift */; };
		4A734B5F222044B7005EE2CC /* MyProfileVC.swift in Sources */ = {isa = PBXBuildFile; fileRef = 4A734B5E222044B7005EE2CC /* MyProfileVC.swift */; };
		4A8086D92227FE3E0007BDEB /* HomeDitloNavBar.swift in Sources */ = {isa = PBXBuildFile; fileRef = 4A8086D82227FE3E0007BDEB /* HomeDitloNavBar.swift */; };
		4A8086DD2227FEFA0007BDEB /* NavigationCollectionView.swift in Sources */ = {isa = PBXBuildFile; fileRef = 4A8086DC2227FEFA0007BDEB /* NavigationCollectionView.swift */; };
		4A8086EC222837AD0007BDEB /* BaseCollectionReusableView.swift in Sources */ = {isa = PBXBuildFile; fileRef = 4A8086EB222837AD0007BDEB /* BaseCollectionReusableView.swift */; };
		4A8086EE2228494D0007BDEB /* GradientView.swift in Sources */ = {isa = PBXBuildFile; fileRef = 4A8086ED2228494D0007BDEB /* GradientView.swift */; };
		4A8399D72237EB5000CDC005 /* ProfileHeaderCell.swift in Sources */ = {isa = PBXBuildFile; fileRef = 4A8399D62237EB5000CDC005 /* ProfileHeaderCell.swift */; };
		4A8399DA2238098700CDC005 /* MyProfileNavBar.swift in Sources */ = {isa = PBXBuildFile; fileRef = 4A8399D92238098700CDC005 /* MyProfileNavBar.swift */; };
		4A8399DD2238167100CDC005 /* CategoriesNavBar.swift in Sources */ = {isa = PBXBuildFile; fileRef = 4A8399DC2238167100CDC005 /* CategoriesNavBar.swift */; };
		4A8399DF2238780300CDC005 /* UITabBarController.swift in Sources */ = {isa = PBXBuildFile; fileRef = 4A8399DE2238780300CDC005 /* UITabBarController.swift */; };
		4A9F4B3B21F3B12500EDDE8B /* BaseCell.swift in Sources */ = {isa = PBXBuildFile; fileRef = 4A9F4B3A21F3B12500EDDE8B /* BaseCell.swift */; };
		4A9F4B3D21F3B1A500EDDE8B /* JobSelectorCell.swift in Sources */ = {isa = PBXBuildFile; fileRef = 4A9F4B3C21F3B1A500EDDE8B /* JobSelectorCell.swift */; };
		4A9F4B4821F3F5F500EDDE8B /* LoadingContentView.swift in Sources */ = {isa = PBXBuildFile; fileRef = 4A9F4B4721F3F5F500EDDE8B /* LoadingContentView.swift */; };
		4AB7AB9822008A1800A2A8DD /* UILabel.swift in Sources */ = {isa = PBXBuildFile; fileRef = 4AB7AB9722008A1800A2A8DD /* UILabel.swift */; };
		4AC768A0220CDF160086FF17 /* DummyDitloService.swift in Sources */ = {isa = PBXBuildFile; fileRef = 4AC7689F220CDF160086FF17 /* DummyDitloService.swift */; };
		4AD0343521F0A43300FDA967 /* AppDelegate.swift in Sources */ = {isa = PBXBuildFile; fileRef = 4AD0343421F0A43300FDA967 /* AppDelegate.swift */; };
		4AD0343C21F0A43500FDA967 /* Assets.xcassets in Resources */ = {isa = PBXBuildFile; fileRef = 4AD0343B21F0A43500FDA967 /* Assets.xcassets */; };
		4AD0343F21F0A43500FDA967 /* LaunchScreen.storyboard in Resources */ = {isa = PBXBuildFile; fileRef = 4AD0343D21F0A43500FDA967 /* LaunchScreen.storyboard */; };
		4AD0345121F0A7E400FDA967 /* UINavigationController.swift in Sources */ = {isa = PBXBuildFile; fileRef = 4AD0345021F0A7E400FDA967 /* UINavigationController.swift */; };
		4AD0345321F0A9ED00FDA967 /* GoogleService-Info.plist in Resources */ = {isa = PBXBuildFile; fileRef = 4AD0345221F0A9ED00FDA967 /* GoogleService-Info.plist */; };
		4AD0345821F0ABB900FDA967 /* LogInVC.swift in Sources */ = {isa = PBXBuildFile; fileRef = 4AD0345721F0ABB900FDA967 /* LogInVC.swift */; };
		4AD0346321F0AE1500FDA967 /* Colours.swift in Sources */ = {isa = PBXBuildFile; fileRef = 4AD0346221F0AE1500FDA967 /* Colours.swift */; };
		4AD0346521F0AF8D00FDA967 /* Fonts.swift in Sources */ = {isa = PBXBuildFile; fileRef = 4AD0346421F0AF8D00FDA967 /* Fonts.swift */; };
		4AD0346A21F0B1AB00FDA967 /* BaseView.swift in Sources */ = {isa = PBXBuildFile; fileRef = 4AD0346921F0B1AB00FDA967 /* BaseView.swift */; };
		4AD0346F21F0B30900FDA967 /* UIView.swift in Sources */ = {isa = PBXBuildFile; fileRef = 4AD0346E21F0B30900FDA967 /* UIView.swift */; };
		4AD0347321F0B4AB00FDA967 /* AuthenticationNavBar.swift in Sources */ = {isa = PBXBuildFile; fileRef = 4AD0347221F0B4AB00FDA967 /* AuthenticationNavBar.swift */; };
		4AD0347521F0B76F00FDA967 /* UIColor.swift in Sources */ = {isa = PBXBuildFile; fileRef = 4AD0347421F0B76F00FDA967 /* UIColor.swift */; };
		4AD0347821F0C21D00FDA967 /* PaddedBorderView.swift in Sources */ = {isa = PBXBuildFile; fileRef = 4AD0347721F0C21D00FDA967 /* PaddedBorderView.swift */; };
		4AD0347B21F0C3BC00FDA967 /* RedRoundedButton.swift in Sources */ = {isa = PBXBuildFile; fileRef = 4AD0347A21F0C3BC00FDA967 /* RedRoundedButton.swift */; };
		4AD0347D21F0C7D000FDA967 /* String.swift in Sources */ = {isa = PBXBuildFile; fileRef = 4AD0347C21F0C7D000FDA967 /* String.swift */; };
		4AD0347F21F0CE9400FDA967 /* ForgotPasswordVC.swift in Sources */ = {isa = PBXBuildFile; fileRef = 4AD0347E21F0CE9400FDA967 /* ForgotPasswordVC.swift */; };
		4AD0348121F0D32C00FDA967 /* BaseLabel.swift in Sources */ = {isa = PBXBuildFile; fileRef = 4AD0348021F0D32C00FDA967 /* BaseLabel.swift */; };
		4AD0348321F0D36A00FDA967 /* TitleLabel.swift in Sources */ = {isa = PBXBuildFile; fileRef = 4AD0348221F0D36A00FDA967 /* TitleLabel.swift */; };
		4AD0348521F0D82100FDA967 /* CustomInputView.swift in Sources */ = {isa = PBXBuildFile; fileRef = 4AD0348421F0D82100FDA967 /* CustomInputView.swift */; };
		4AD0348821F0FB3A00FDA967 /* GreyBorderRoundedButton.swift in Sources */ = {isa = PBXBuildFile; fileRef = 4AD0348721F0FB3A00FDA967 /* GreyBorderRoundedButton.swift */; };
		4AD0348A21F0FF6700FDA967 /* SignUpVC.swift in Sources */ = {isa = PBXBuildFile; fileRef = 4AD0348921F0FF6700FDA967 /* SignUpVC.swift */; };
		4AD0349021F1416800FDA967 /* AuthenticationModels.swift in Sources */ = {isa = PBXBuildFile; fileRef = 4AD0348F21F1416800FDA967 /* AuthenticationModels.swift */; };
		4AD0349421F1434200FDA967 /* AuthenticationHelperMethods.swift in Sources */ = {isa = PBXBuildFile; fileRef = 4AD0349321F1434200FDA967 /* AuthenticationHelperMethods.swift */; };
		4AD0349721F150CD00FDA967 /* CustomModalOverlay.swift in Sources */ = {isa = PBXBuildFile; fileRef = 4AD0349621F150CD00FDA967 /* CustomModalOverlay.swift */; };
		4AD034A221F1E59E00FDA967 /* AuthenticationService.swift in Sources */ = {isa = PBXBuildFile; fileRef = 4AD034A121F1E59E00FDA967 /* AuthenticationService.swift */; };
		4AD034A621F1E89F00FDA967 /* UserService.swift in Sources */ = {isa = PBXBuildFile; fileRef = 4AD034A521F1E89F00FDA967 /* UserService.swift */; };
		4AD034A921F1E8CB00FDA967 /* UserServiceHelperMethods.swift in Sources */ = {isa = PBXBuildFile; fileRef = 4AD034A821F1E8CB00FDA967 /* UserServiceHelperMethods.swift */; };
		4AD034B021F1E9BA00FDA967 /* UserModels.swift in Sources */ = {isa = PBXBuildFile; fileRef = 4AD034AF21F1E9BA00FDA967 /* UserModels.swift */; };
		4AD034B221F1EA4100FDA967 /* Routes.swift in Sources */ = {isa = PBXBuildFile; fileRef = 4AD034B121F1EA4100FDA967 /* Routes.swift */; };
		4AD034B421F1F05F00FDA967 /* CustomErrorMessageModal.swift in Sources */ = {isa = PBXBuildFile; fileRef = 4AD034B321F1F05F00FDA967 /* CustomErrorMessageModal.swift */; };
		4AD034B621F2041100FDA967 /* SelectProfilePictureVC.swift in Sources */ = {isa = PBXBuildFile; fileRef = 4AD034B521F2041100FDA967 /* SelectProfilePictureVC.swift */; };
		4AD034B921F205AF00FDA967 /* MainAppNavigationVC.swift in Sources */ = {isa = PBXBuildFile; fileRef = 4AD034B821F205AF00FDA967 /* MainAppNavigationVC.swift */; };
		4AD034C021F207C700FDA967 /* HomeVC.swift in Sources */ = {isa = PBXBuildFile; fileRef = 4AD034BF21F207C700FDA967 /* HomeVC.swift */; };
		4AD034C321F2082000FDA967 /* SearchVC.swift in Sources */ = {isa = PBXBuildFile; fileRef = 4AD034C221F2082000FDA967 /* SearchVC.swift */; };
		4AD034C621F2084F00FDA967 /* CategoriesVC.swift in Sources */ = {isa = PBXBuildFile; fileRef = 4AD034C521F2084F00FDA967 /* CategoriesVC.swift */; };
		4AD034C921F208B300FDA967 /* CameraVC.swift in Sources */ = {isa = PBXBuildFile; fileRef = 4AD034C821F208B300FDA967 /* CameraVC.swift */; };
		4AD034CB21F2258000FDA967 /* SelectJobPositionVC.swift in Sources */ = {isa = PBXBuildFile; fileRef = 4AD034CA21F2258000FDA967 /* SelectJobPositionVC.swift */; };
		4AD034CD21F226B100FDA967 /* CustomInfoWindowModal.swift in Sources */ = {isa = PBXBuildFile; fileRef = 4AD034CC21F226B100FDA967 /* CustomInfoWindowModal.swift */; };
		4AD034D121F251DB00FDA967 /* JobService.swift in Sources */ = {isa = PBXBuildFile; fileRef = 4AD034D021F251DB00FDA967 /* JobService.swift */; };
		4AD034D421F2523D00FDA967 /* JobModels.swift in Sources */ = {isa = PBXBuildFile; fileRef = 4AD034D321F2523D00FDA967 /* JobModels.swift */; };
		4AD4AF6D21FE435D001F5AEF /* SelectFavouriteCategoriesVC.swift in Sources */ = {isa = PBXBuildFile; fileRef = 4AD4AF6C21FE435D001F5AEF /* SelectFavouriteCategoriesVC.swift */; };
		4AD4AF7421FE56DD001F5AEF /* CategoriesService.swift in Sources */ = {isa = PBXBuildFile; fileRef = 4AD4AF7321FE56DD001F5AEF /* CategoriesService.swift */; };
		4AD4AF7621FE5C2E001F5AEF /* Category.swift in Sources */ = {isa = PBXBuildFile; fileRef = 4AD4AF7521FE5C2E001F5AEF /* Category.swift */; };
		4AD4AF7A21FE6B6B001F5AEF /* CategoriesUtilities.swift in Sources */ = {isa = PBXBuildFile; fileRef = 4AD4AF7921FE6B6B001F5AEF /* CategoriesUtilities.swift */; };
		4AD4AF7C21FE7210001F5AEF /* CategoryCell.swift in Sources */ = {isa = PBXBuildFile; fileRef = 4AD4AF7B21FE7210001F5AEF /* CategoryCell.swift */; };
		4AF3A5F62232AADB0084479F /* EventCell.swift in Sources */ = {isa = PBXBuildFile; fileRef = 4AF3A5F52232AADB0084479F /* EventCell.swift */; };
		4AF3A5F82232AF3A0084479F /* TaggedFriendsSectionView.swift in Sources */ = {isa = PBXBuildFile; fileRef = 4AF3A5F72232AF3A0084479F /* TaggedFriendsSectionView.swift */; };
		4AF3A5FA2232B1850084479F /* TaggedEventsSectionView.swift in Sources */ = {isa = PBXBuildFile; fileRef = 4AF3A5F92232B1850084479F /* TaggedEventsSectionView.swift */; };
		4AF3A5FC2232B6990084479F /* TaggedCategoriesSectionView.swift in Sources */ = {isa = PBXBuildFile; fileRef = 4AF3A5FB2232B6990084479F /* TaggedCategoriesSectionView.swift */; };
		4AF3A5FE2232BD020084479F /* TaggedKeywordsSectionView.swift in Sources */ = {isa = PBXBuildFile; fileRef = 4AF3A5FD2232BD020084479F /* TaggedKeywordsSectionView.swift */; };
		4AF3A6002232C1EB0084479F /* TaggedLocationSectionView.swift in Sources */ = {isa = PBXBuildFile; fileRef = 4AF3A5FF2232C1EB0084479F /* TaggedLocationSectionView.swift */; };
		4AF3A6022232CDFE0084479F /* TestVC.swift in Sources */ = {isa = PBXBuildFile; fileRef = 4AF3A6012232CDFE0084479F /* TestVC.swift */; };
		4AF3A6052232CEB80084479F /* SectionViewActionDelegate.swift in Sources */ = {isa = PBXBuildFile; fileRef = 4AF3A6042232CEB80084479F /* SectionViewActionDelegate.swift */; };
		4AF3A608223336260084479F /* OtherUserProfileVC.swift in Sources */ = {isa = PBXBuildFile; fileRef = 4AF3A607223336260084479F /* OtherUserProfileVC.swift */; };
		4AF3A60D223337050084479F /* OtherUserProfileNavBar.swift in Sources */ = {isa = PBXBuildFile; fileRef = 4AF3A60C223337050084479F /* OtherUserProfileNavBar.swift */; };
		4AF55E19223A8D45004AD7BC /* NavigationCellContent.swift in Sources */ = {isa = PBXBuildFile; fileRef = 4AF55E18223A8D45004AD7BC /* NavigationCellContent.swift */; };
		4AF55E1E223A9C0A004AD7BC /* SubCategoryVC.swift in Sources */ = {isa = PBXBuildFile; fileRef = 4AF55E1D223A9C0A004AD7BC /* SubCategoryVC.swift */; };
		4AF55E20223AA777004AD7BC /* SubCategoryNavBar.swift in Sources */ = {isa = PBXBuildFile; fileRef = 4AF55E1F223AA777004AD7BC /* SubCategoryNavBar.swift */; };
		B6CE3C0EFB0DAAEB394AF310 /* Pods_Ditlo.framework in Frameworks */ = {isa = PBXBuildFile; fileRef = 094A326AF3003C651BFD23F5 /* Pods_Ditlo.framework */; };
/* End PBXBuildFile section */

/* Begin PBXFileReference section */
		094A326AF3003C651BFD23F5 /* Pods_Ditlo.framework */ = {isa = PBXFileReference; explicitFileType = wrapper.framework; includeInIndex = 0; path = Pods_Ditlo.framework; sourceTree = BUILT_PRODUCTS_DIR; };
		0E1DA150F4DB12B06C2DE62A /* Pods-Ditlo.debug.xcconfig */ = {isa = PBXFileReference; includeInIndex = 1; lastKnownFileType = text.xcconfig; name = "Pods-Ditlo.debug.xcconfig"; path = "Pods/Target Support Files/Pods-Ditlo/Pods-Ditlo.debug.xcconfig"; sourceTree = "<group>"; };
		4A02897F222D7C50009D6AFE /* LargeDitloItemCell.swift */ = {isa = PBXFileReference; lastKnownFileType = sourcecode.swift; path = LargeDitloItemCell.swift; sourceTree = "<group>"; };
		4A028981222D7C62009D6AFE /* DefaultDitloItemCell.swift */ = {isa = PBXFileReference; lastKnownFileType = sourcecode.swift; path = DefaultDitloItemCell.swift; sourceTree = "<group>"; };
		4A028983222D962D009D6AFE /* DitloPlayerPopupVC.swift */ = {isa = PBXFileReference; lastKnownFileType = sourcecode.swift; path = DitloPlayerPopupVC.swift; sourceTree = "<group>"; };
		4A3DA2852200B8DA005207D8 /* RoundProfilePictureView.swift */ = {isa = PBXFileReference; lastKnownFileType = sourcecode.swift; path = RoundProfilePictureView.swift; sourceTree = "<group>"; };
		4A3DA2892200D34F005207D8 /* CustomCalendarModal.swift */ = {isa = PBXFileReference; lastKnownFileType = sourcecode.swift; path = CustomCalendarModal.swift; sourceTree = "<group>"; };
		4A3DA28C220107FC005207D8 /* SharedModalsService.swift */ = {isa = PBXFileReference; lastKnownFileType = sourcecode.swift; path = SharedModalsService.swift; sourceTree = "<group>"; };
		4A3DA29022011428005207D8 /* CustomCalendarCell.swift */ = {isa = PBXFileReference; lastKnownFileType = sourcecode.swift; path = CustomCalendarCell.swift; sourceTree = "<group>"; };
		4A3DA292220123BB005207D8 /* Date.swift */ = {isa = PBXFileReference; lastKnownFileType = sourcecode.swift; path = Date.swift; sourceTree = "<group>"; };
		4A57EEEB22258D8D008A96D0 /* NavigationCell.swift */ = {isa = PBXFileReference; lastKnownFileType = sourcecode.swift; path = NavigationCell.swift; sourceTree = "<group>"; };
		4A5D45982240F97C000AB2D0 /* SearchNavBar.swift */ = {isa = PBXFileReference; lastKnownFileType = sourcecode.swift; path = SearchNavBar.swift; sourceTree = "<group>"; };
		4A5D459A22410BBE000AB2D0 /* SearchResultsNavBar.swift */ = {isa = PBXFileReference; lastKnownFileType = sourcecode.swift; path = SearchResultsNavBar.swift; sourceTree = "<group>"; };
		4A5D459C22410BD3000AB2D0 /* SearchResultsVC.swift */ = {isa = PBXFileReference; lastKnownFileType = sourcecode.swift; path = SearchResultsVC.swift; sourceTree = "<group>"; };
		4A717DEE22316A35008DE1F8 /* SectionCell.swift */ = {isa = PBXFileReference; lastKnownFileType = sourcecode.swift; path = SectionCell.swift; sourceTree = "<group>"; };
		4A717DF0223172B4008DE1F8 /* UserCell.swift */ = {isa = PBXFileReference; lastKnownFileType = sourcecode.swift; path = UserCell.swift; sourceTree = "<group>"; };
		4A717E2A22369141008EED78 /* Sizes.swift */ = {isa = PBXFileReference; lastKnownFileType = sourcecode.swift; path = Sizes.swift; sourceTree = "<group>"; };
		4A734B5E222044B7005EE2CC /* MyProfileVC.swift */ = {isa = PBXFileReference; lastKnownFileType = sourcecode.swift; path = MyProfileVC.swift; sourceTree = "<group>"; };
		4A8086D82227FE3E0007BDEB /* HomeDitloNavBar.swift */ = {isa = PBXFileReference; lastKnownFileType = sourcecode.swift; path = HomeDitloNavBar.swift; sourceTree = "<group>"; };
		4A8086DC2227FEFA0007BDEB /* NavigationCollectionView.swift */ = {isa = PBXFileReference; lastKnownFileType = sourcecode.swift; path = NavigationCollectionView.swift; sourceTree = "<group>"; };
		4A8086EB222837AD0007BDEB /* BaseCollectionReusableView.swift */ = {isa = PBXFileReference; lastKnownFileType = sourcecode.swift; path = BaseCollectionReusableView.swift; sourceTree = "<group>"; };
		4A8086ED2228494D0007BDEB /* GradientView.swift */ = {isa = PBXFileReference; lastKnownFileType = sourcecode.swift; path = GradientView.swift; sourceTree = "<group>"; };
		4A8399D62237EB5000CDC005 /* ProfileHeaderCell.swift */ = {isa = PBXFileReference; lastKnownFileType = sourcecode.swift; path = ProfileHeaderCell.swift; sourceTree = "<group>"; };
		4A8399D92238098700CDC005 /* MyProfileNavBar.swift */ = {isa = PBXFileReference; lastKnownFileType = sourcecode.swift; path = MyProfileNavBar.swift; sourceTree = "<group>"; };
		4A8399DC2238167100CDC005 /* CategoriesNavBar.swift */ = {isa = PBXFileReference; lastKnownFileType = sourcecode.swift; path = CategoriesNavBar.swift; sourceTree = "<group>"; };
		4A8399DE2238780300CDC005 /* UITabBarController.swift */ = {isa = PBXFileReference; lastKnownFileType = sourcecode.swift; path = UITabBarController.swift; sourceTree = "<group>"; };
		4A9F4B3A21F3B12500EDDE8B /* BaseCell.swift */ = {isa = PBXFileReference; lastKnownFileType = sourcecode.swift; path = BaseCell.swift; sourceTree = "<group>"; };
		4A9F4B3C21F3B1A500EDDE8B /* JobSelectorCell.swift */ = {isa = PBXFileReference; lastKnownFileType = sourcecode.swift; path = JobSelectorCell.swift; sourceTree = "<group>"; };
		4A9F4B4721F3F5F500EDDE8B /* LoadingContentView.swift */ = {isa = PBXFileReference; lastKnownFileType = sourcecode.swift; path = LoadingContentView.swift; sourceTree = "<group>"; };
		4AB7AB9722008A1800A2A8DD /* UILabel.swift */ = {isa = PBXFileReference; lastKnownFileType = sourcecode.swift; path = UILabel.swift; sourceTree = "<group>"; };
		4AC7689F220CDF160086FF17 /* DummyDitloService.swift */ = {isa = PBXFileReference; lastKnownFileType = sourcecode.swift; path = DummyDitloService.swift; sourceTree = "<group>"; };
		4AD0343121F0A43300FDA967 /* Ditlo.app */ = {isa = PBXFileReference; explicitFileType = wrapper.application; includeInIndex = 0; path = Ditlo.app; sourceTree = BUILT_PRODUCTS_DIR; };
		4AD0343421F0A43300FDA967 /* AppDelegate.swift */ = {isa = PBXFileReference; lastKnownFileType = sourcecode.swift; path = AppDelegate.swift; sourceTree = "<group>"; };
		4AD0343B21F0A43500FDA967 /* Assets.xcassets */ = {isa = PBXFileReference; lastKnownFileType = folder.assetcatalog; path = Assets.xcassets; sourceTree = "<group>"; };
		4AD0343E21F0A43500FDA967 /* Base */ = {isa = PBXFileReference; lastKnownFileType = file.storyboard; name = Base; path = Base.lproj/LaunchScreen.storyboard; sourceTree = "<group>"; };
		4AD0344021F0A43500FDA967 /* Info.plist */ = {isa = PBXFileReference; lastKnownFileType = text.plist.xml; path = Info.plist; sourceTree = "<group>"; };
		4AD0345021F0A7E400FDA967 /* UINavigationController.swift */ = {isa = PBXFileReference; lastKnownFileType = sourcecode.swift; path = UINavigationController.swift; sourceTree = "<group>"; };
		4AD0345221F0A9ED00FDA967 /* GoogleService-Info.plist */ = {isa = PBXFileReference; fileEncoding = 4; lastKnownFileType = text.plist.xml; path = "GoogleService-Info.plist"; sourceTree = "<group>"; };
		4AD0345721F0ABB900FDA967 /* LogInVC.swift */ = {isa = PBXFileReference; lastKnownFileType = sourcecode.swift; path = LogInVC.swift; sourceTree = "<group>"; };
		4AD0346221F0AE1500FDA967 /* Colours.swift */ = {isa = PBXFileReference; lastKnownFileType = sourcecode.swift; path = Colours.swift; sourceTree = "<group>"; };
		4AD0346421F0AF8D00FDA967 /* Fonts.swift */ = {isa = PBXFileReference; lastKnownFileType = sourcecode.swift; path = Fonts.swift; sourceTree = "<group>"; };
		4AD0346921F0B1AB00FDA967 /* BaseView.swift */ = {isa = PBXFileReference; lastKnownFileType = sourcecode.swift; path = BaseView.swift; sourceTree = "<group>"; };
		4AD0346E21F0B30900FDA967 /* UIView.swift */ = {isa = PBXFileReference; lastKnownFileType = sourcecode.swift; path = UIView.swift; sourceTree = "<group>"; };
		4AD0347221F0B4AB00FDA967 /* AuthenticationNavBar.swift */ = {isa = PBXFileReference; lastKnownFileType = sourcecode.swift; path = AuthenticationNavBar.swift; sourceTree = "<group>"; };
		4AD0347421F0B76F00FDA967 /* UIColor.swift */ = {isa = PBXFileReference; lastKnownFileType = sourcecode.swift; path = UIColor.swift; sourceTree = "<group>"; };
		4AD0347721F0C21D00FDA967 /* PaddedBorderView.swift */ = {isa = PBXFileReference; lastKnownFileType = sourcecode.swift; path = PaddedBorderView.swift; sourceTree = "<group>"; };
		4AD0347A21F0C3BC00FDA967 /* RedRoundedButton.swift */ = {isa = PBXFileReference; lastKnownFileType = sourcecode.swift; path = RedRoundedButton.swift; sourceTree = "<group>"; };
		4AD0347C21F0C7D000FDA967 /* String.swift */ = {isa = PBXFileReference; lastKnownFileType = sourcecode.swift; path = String.swift; sourceTree = "<group>"; };
		4AD0347E21F0CE9400FDA967 /* ForgotPasswordVC.swift */ = {isa = PBXFileReference; lastKnownFileType = sourcecode.swift; path = ForgotPasswordVC.swift; sourceTree = "<group>"; };
		4AD0348021F0D32C00FDA967 /* BaseLabel.swift */ = {isa = PBXFileReference; lastKnownFileType = sourcecode.swift; path = BaseLabel.swift; sourceTree = "<group>"; };
		4AD0348221F0D36A00FDA967 /* TitleLabel.swift */ = {isa = PBXFileReference; lastKnownFileType = sourcecode.swift; path = TitleLabel.swift; sourceTree = "<group>"; };
		4AD0348421F0D82100FDA967 /* CustomInputView.swift */ = {isa = PBXFileReference; lastKnownFileType = sourcecode.swift; path = CustomInputView.swift; sourceTree = "<group>"; };
		4AD0348721F0FB3A00FDA967 /* GreyBorderRoundedButton.swift */ = {isa = PBXFileReference; lastKnownFileType = sourcecode.swift; path = GreyBorderRoundedButton.swift; sourceTree = "<group>"; };
		4AD0348921F0FF6700FDA967 /* SignUpVC.swift */ = {isa = PBXFileReference; lastKnownFileType = sourcecode.swift; path = SignUpVC.swift; sourceTree = "<group>"; };
		4AD0348F21F1416800FDA967 /* AuthenticationModels.swift */ = {isa = PBXFileReference; lastKnownFileType = sourcecode.swift; path = AuthenticationModels.swift; sourceTree = "<group>"; };
		4AD0349321F1434200FDA967 /* AuthenticationHelperMethods.swift */ = {isa = PBXFileReference; lastKnownFileType = sourcecode.swift; path = AuthenticationHelperMethods.swift; sourceTree = "<group>"; };
		4AD0349621F150CD00FDA967 /* CustomModalOverlay.swift */ = {isa = PBXFileReference; lastKnownFileType = sourcecode.swift; path = CustomModalOverlay.swift; sourceTree = "<group>"; };
		4AD034A121F1E59E00FDA967 /* AuthenticationService.swift */ = {isa = PBXFileReference; lastKnownFileType = sourcecode.swift; path = AuthenticationService.swift; sourceTree = "<group>"; };
		4AD034A521F1E89F00FDA967 /* UserService.swift */ = {isa = PBXFileReference; lastKnownFileType = sourcecode.swift; path = UserService.swift; sourceTree = "<group>"; };
		4AD034A821F1E8CB00FDA967 /* UserServiceHelperMethods.swift */ = {isa = PBXFileReference; lastKnownFileType = sourcecode.swift; path = UserServiceHelperMethods.swift; sourceTree = "<group>"; };
		4AD034AF21F1E9BA00FDA967 /* UserModels.swift */ = {isa = PBXFileReference; lastKnownFileType = sourcecode.swift; path = UserModels.swift; sourceTree = "<group>"; };
		4AD034B121F1EA4100FDA967 /* Routes.swift */ = {isa = PBXFileReference; lastKnownFileType = sourcecode.swift; path = Routes.swift; sourceTree = "<group>"; };
		4AD034B321F1F05F00FDA967 /* CustomErrorMessageModal.swift */ = {isa = PBXFileReference; lastKnownFileType = sourcecode.swift; path = CustomErrorMessageModal.swift; sourceTree = "<group>"; };
		4AD034B521F2041100FDA967 /* SelectProfilePictureVC.swift */ = {isa = PBXFileReference; lastKnownFileType = sourcecode.swift; path = SelectProfilePictureVC.swift; sourceTree = "<group>"; };
		4AD034B821F205AF00FDA967 /* MainAppNavigationVC.swift */ = {isa = PBXFileReference; lastKnownFileType = sourcecode.swift; path = MainAppNavigationVC.swift; sourceTree = "<group>"; };
		4AD034BF21F207C700FDA967 /* HomeVC.swift */ = {isa = PBXFileReference; lastKnownFileType = sourcecode.swift; path = HomeVC.swift; sourceTree = "<group>"; };
		4AD034C221F2082000FDA967 /* SearchVC.swift */ = {isa = PBXFileReference; lastKnownFileType = sourcecode.swift; path = SearchVC.swift; sourceTree = "<group>"; };
		4AD034C521F2084F00FDA967 /* CategoriesVC.swift */ = {isa = PBXFileReference; lastKnownFileType = sourcecode.swift; path = CategoriesVC.swift; sourceTree = "<group>"; };
		4AD034C821F208B300FDA967 /* CameraVC.swift */ = {isa = PBXFileReference; lastKnownFileType = sourcecode.swift; path = CameraVC.swift; sourceTree = "<group>"; };
		4AD034CA21F2258000FDA967 /* SelectJobPositionVC.swift */ = {isa = PBXFileReference; lastKnownFileType = sourcecode.swift; path = SelectJobPositionVC.swift; sourceTree = "<group>"; };
		4AD034CC21F226B100FDA967 /* CustomInfoWindowModal.swift */ = {isa = PBXFileReference; lastKnownFileType = sourcecode.swift; path = CustomInfoWindowModal.swift; sourceTree = "<group>"; };
		4AD034D021F251DB00FDA967 /* JobService.swift */ = {isa = PBXFileReference; lastKnownFileType = sourcecode.swift; path = JobService.swift; sourceTree = "<group>"; };
		4AD034D321F2523D00FDA967 /* JobModels.swift */ = {isa = PBXFileReference; lastKnownFileType = sourcecode.swift; path = JobModels.swift; sourceTree = "<group>"; };
		4AD4AF6C21FE435D001F5AEF /* SelectFavouriteCategoriesVC.swift */ = {isa = PBXFileReference; lastKnownFileType = sourcecode.swift; path = SelectFavouriteCategoriesVC.swift; sourceTree = "<group>"; };
		4AD4AF7321FE56DD001F5AEF /* CategoriesService.swift */ = {isa = PBXFileReference; lastKnownFileType = sourcecode.swift; path = CategoriesService.swift; sourceTree = "<group>"; };
		4AD4AF7521FE5C2E001F5AEF /* Category.swift */ = {isa = PBXFileReference; lastKnownFileType = sourcecode.swift; path = Category.swift; sourceTree = "<group>"; };
		4AD4AF7921FE6B6B001F5AEF /* CategoriesUtilities.swift */ = {isa = PBXFileReference; lastKnownFileType = sourcecode.swift; path = CategoriesUtilities.swift; sourceTree = "<group>"; };
		4AD4AF7B21FE7210001F5AEF /* CategoryCell.swift */ = {isa = PBXFileReference; lastKnownFileType = sourcecode.swift; path = CategoryCell.swift; sourceTree = "<group>"; };
		4AF3A5F52232AADB0084479F /* EventCell.swift */ = {isa = PBXFileReference; lastKnownFileType = sourcecode.swift; path = EventCell.swift; sourceTree = "<group>"; };
		4AF3A5F72232AF3A0084479F /* TaggedFriendsSectionView.swift */ = {isa = PBXFileReference; lastKnownFileType = sourcecode.swift; path = TaggedFriendsSectionView.swift; sourceTree = "<group>"; };
		4AF3A5F92232B1850084479F /* TaggedEventsSectionView.swift */ = {isa = PBXFileReference; lastKnownFileType = sourcecode.swift; path = TaggedEventsSectionView.swift; sourceTree = "<group>"; };
		4AF3A5FB2232B6990084479F /* TaggedCategoriesSectionView.swift */ = {isa = PBXFileReference; lastKnownFileType = sourcecode.swift; path = TaggedCategoriesSectionView.swift; sourceTree = "<group>"; };
		4AF3A5FD2232BD020084479F /* TaggedKeywordsSectionView.swift */ = {isa = PBXFileReference; lastKnownFileType = sourcecode.swift; path = TaggedKeywordsSectionView.swift; sourceTree = "<group>"; };
		4AF3A5FF2232C1EB0084479F /* TaggedLocationSectionView.swift */ = {isa = PBXFileReference; lastKnownFileType = sourcecode.swift; path = TaggedLocationSectionView.swift; sourceTree = "<group>"; };
		4AF3A6012232CDFE0084479F /* TestVC.swift */ = {isa = PBXFileReference; lastKnownFileType = sourcecode.swift; path = TestVC.swift; sourceTree = "<group>"; };
		4AF3A6042232CEB80084479F /* SectionViewActionDelegate.swift */ = {isa = PBXFileReference; lastKnownFileType = sourcecode.swift; path = SectionViewActionDelegate.swift; sourceTree = "<group>"; };
		4AF3A607223336260084479F /* OtherUserProfileVC.swift */ = {isa = PBXFileReference; lastKnownFileType = sourcecode.swift; path = OtherUserProfileVC.swift; sourceTree = "<group>"; };
		4AF3A60C223337050084479F /* OtherUserProfileNavBar.swift */ = {isa = PBXFileReference; lastKnownFileType = sourcecode.swift; path = OtherUserProfileNavBar.swift; sourceTree = "<group>"; };
		4AF55E18223A8D45004AD7BC /* NavigationCellContent.swift */ = {isa = PBXFileReference; lastKnownFileType = sourcecode.swift; path = NavigationCellContent.swift; sourceTree = "<group>"; };
		4AF55E1D223A9C0A004AD7BC /* SubCategoryVC.swift */ = {isa = PBXFileReference; lastKnownFileType = sourcecode.swift; path = SubCategoryVC.swift; sourceTree = "<group>"; };
		4AF55E1F223AA777004AD7BC /* SubCategoryNavBar.swift */ = {isa = PBXFileReference; lastKnownFileType = sourcecode.swift; path = SubCategoryNavBar.swift; sourceTree = "<group>"; };
		619C304BBF4A8D9C23D1C63B /* Pods-Ditlo.release.xcconfig */ = {isa = PBXFileReference; includeInIndex = 1; lastKnownFileType = text.xcconfig; name = "Pods-Ditlo.release.xcconfig"; path = "Pods/Target Support Files/Pods-Ditlo/Pods-Ditlo.release.xcconfig"; sourceTree = "<group>"; };
/* End PBXFileReference section */

/* Begin PBXFrameworksBuildPhase section */
		4AD0342E21F0A43300FDA967 /* Frameworks */ = {
			isa = PBXFrameworksBuildPhase;
			buildActionMask = 2147483647;
			files = (
				B6CE3C0EFB0DAAEB394AF310 /* Pods_Ditlo.framework in Frameworks */,
			);
			runOnlyForDeploymentPostprocessing = 0;
		};
/* End PBXFrameworksBuildPhase section */

/* Begin PBXGroup section */
		4A3DA28E22010D4B005207D8 /* Services */ = {
			isa = PBXGroup;
			children = (
				4A3DA28C220107FC005207D8 /* SharedModalsService.swift */,
				4AC7689F220CDF160086FF17 /* DummyDitloService.swift */,
			);
			path = Services;
			sourceTree = "<group>";
		};
		4A3DA28F220113E7005207D8 /* Calendar */ = {
			isa = PBXGroup;
			children = (
				4A3DA2892200D34F005207D8 /* CustomCalendarModal.swift */,
				4A3DA29022011428005207D8 /* CustomCalendarCell.swift */,
			);
			path = Calendar;
			sourceTree = "<group>";
		};
		4A57EEEA22258D35008A96D0 /* Cells */ = {
			isa = PBXGroup;
			children = (
				4A57EEEB22258D8D008A96D0 /* NavigationCell.swift */,
				4A02897F222D7C50009D6AFE /* LargeDitloItemCell.swift */,
				4A028981222D7C62009D6AFE /* DefaultDitloItemCell.swift */,
				4A717DEE22316A35008DE1F8 /* SectionCell.swift */,
				4A717DF0223172B4008DE1F8 /* UserCell.swift */,
				4AF3A5F52232AADB0084479F /* EventCell.swift */,
				4A8399D62237EB5000CDC005 /* ProfileHeaderCell.swift */,
			);
			path = Cells;
			sourceTree = "<group>";
		};
		4A5D45972240F943000AB2D0 /* Views */ = {
			isa = PBXGroup;
			children = (
				4A5D45982240F97C000AB2D0 /* SearchNavBar.swift */,
				4A5D459A22410BBE000AB2D0 /* SearchResultsNavBar.swift */,
			);
			path = Views;
			sourceTree = "<group>";
		};
		4A734B5C2220448F005EE2CC /* Profile */ = {
			isa = PBXGroup;
			children = (
				4A8399D82238096800CDC005 /* Views */,
				4A734B5D22204498005EE2CC /* Controllers */,
			);
			path = Profile;
			sourceTree = "<group>";
		};
		4A734B5D22204498005EE2CC /* Controllers */ = {
			isa = PBXGroup;
			children = (
				4A734B5E222044B7005EE2CC /* MyProfileVC.swift */,
			);
			path = Controllers;
			sourceTree = "<group>";
		};
		4A8086D72227FE060007BDEB /* Views */ = {
			isa = PBXGroup;
			children = (
				4A8086DA2227FEC90007BDEB /* HomeDitloNavBar */,
			);
			path = Views;
			sourceTree = "<group>";
		};
		4A8086DA2227FEC90007BDEB /* HomeDitloNavBar */ = {
			isa = PBXGroup;
			children = (
				4A8086D82227FE3E0007BDEB /* HomeDitloNavBar.swift */,
			);
			path = HomeDitloNavBar;
			sourceTree = "<group>";
		};
		4A8086DE2227FF160007BDEB /* NavigationCollectionView */ = {
			isa = PBXGroup;
			children = (
				4A8086DC2227FEFA0007BDEB /* NavigationCollectionView.swift */,
			);
			path = NavigationCollectionView;
			sourceTree = "<group>";
		};
		4A8399D82238096800CDC005 /* Views */ = {
			isa = PBXGroup;
			children = (
				4A8399D92238098700CDC005 /* MyProfileNavBar.swift */,
			);
			path = Views;
			sourceTree = "<group>";
		};
		4A8399DB2238160E00CDC005 /* Views */ = {
			isa = PBXGroup;
			children = (
				4A8399DC2238167100CDC005 /* CategoriesNavBar.swift */,
			);
			path = Views;
			sourceTree = "<group>";
		};
		4A9F4B3821F3B0F400EDDE8B /* Views */ = {
			isa = PBXGroup;
			children = (
				4A9F4B4121F3E73400EDDE8B /* Cells */,
				4A9F4B4721F3F5F500EDDE8B /* LoadingContentView.swift */,
			);
			path = Views;
			sourceTree = "<group>";
		};
		4A9F4B4121F3E73400EDDE8B /* Cells */ = {
			isa = PBXGroup;
			children = (
				4A9F4B3C21F3B1A500EDDE8B /* JobSelectorCell.swift */,
			);
			path = Cells;
			sourceTree = "<group>";
		};
		4AA887EB223AB9860037BF5B /* SubCategoryVC */ = {
			isa = PBXGroup;
			children = (
				4AF55E1C223A9BDD004AD7BC /* Controllers */,
				4AF55E1B223A9BD7004AD7BC /* Views */,
			);
			name = SubCategoryVC;
			sourceTree = "<group>";
		};
		4AD0342821F0A43300FDA967 = {
			isa = PBXGroup;
			children = (
				4AD0343321F0A43300FDA967 /* Ditlo */,
				4AD0343221F0A43300FDA967 /* Products */,
				A86E6858FE17E57995713E5A /* Pods */,
				FA6A4B4E3B88256BF549FCA1 /* Frameworks */,
			);
			sourceTree = "<group>";
		};
		4AD0343221F0A43300FDA967 /* Products */ = {
			isa = PBXGroup;
			children = (
				4AD0343121F0A43300FDA967 /* Ditlo.app */,
			);
			name = Products;
			sourceTree = "<group>";
		};
		4AD0343321F0A43300FDA967 /* Ditlo */ = {
			isa = PBXGroup;
			children = (
				4AD034B721F2056100FDA967 /* MainApp */,
				4AD034A321F1E88100FDA967 /* Shared */,
				4AD0349B21F1E3F700FDA967 /* Authentication */,
				4AD0345C21F0AC1300FDA967 /* Constants */,
				4AD0344F21F0A7CE00FDA967 /* Extensions */,
				4AD0344B21F0A5F000FDA967 /* Views */,
				4AD0344A21F0A5E700FDA967 /* Controllers */,
				4AD0344721F0A45300FDA967 /* MediaAssets */,
				4AD0344621F0A43E00FDA967 /* Core */,
			);
			path = Ditlo;
			sourceTree = "<group>";
		};
		4AD0344621F0A43E00FDA967 /* Core */ = {
			isa = PBXGroup;
			children = (
				4AD0345221F0A9ED00FDA967 /* GoogleService-Info.plist */,
				4AD0344021F0A43500FDA967 /* Info.plist */,
				4AD0343421F0A43300FDA967 /* AppDelegate.swift */,
				4AD0343D21F0A43500FDA967 /* LaunchScreen.storyboard */,
			);
			path = Core;
			sourceTree = "<group>";
		};
		4AD0344721F0A45300FDA967 /* MediaAssets */ = {
			isa = PBXGroup;
			children = (
				4AD0344821F0A45D00FDA967 /* Assets */,
			);
			path = MediaAssets;
			sourceTree = "<group>";
		};
		4AD0344821F0A45D00FDA967 /* Assets */ = {
			isa = PBXGroup;
			children = (
				4AD0343B21F0A43500FDA967 /* Assets.xcassets */,
			);
			path = Assets;
			sourceTree = "<group>";
		};
		4AD0344A21F0A5E700FDA967 /* Controllers */ = {
			isa = PBXGroup;
			children = (
				4A028983222D962D009D6AFE /* DitloPlayerPopupVC.swift */,
				4AF3A6012232CDFE0084479F /* TestVC.swift */,
			);
			path = Controllers;
			sourceTree = "<group>";
		};
		4AD0344B21F0A5F000FDA967 /* Views */ = {
			isa = PBXGroup;
			children = (
				4AD0347621F0C20300FDA967 /* Shared */,
				4AD0346821F0B19B00FDA967 /* Base */,
			);
			path = Views;
			sourceTree = "<group>";
		};
		4AD0344F21F0A7CE00FDA967 /* Extensions */ = {
			isa = PBXGroup;
			children = (
				4AD0345021F0A7E400FDA967 /* UINavigationController.swift */,
				4AD0346E21F0B30900FDA967 /* UIView.swift */,
				4AD0347421F0B76F00FDA967 /* UIColor.swift */,
				4AD0347C21F0C7D000FDA967 /* String.swift */,
				4AB7AB9722008A1800A2A8DD /* UILabel.swift */,
				4A3DA292220123BB005207D8 /* Date.swift */,
				4A8399DE2238780300CDC005 /* UITabBarController.swift */,
			);
			path = Extensions;
			sourceTree = "<group>";
		};
		4AD0345521F0AB9300FDA967 /* LogIn */ = {
			isa = PBXGroup;
			children = (
				4AD0345721F0ABB900FDA967 /* LogInVC.swift */,
				4AD0347E21F0CE9400FDA967 /* ForgotPasswordVC.swift */,
			);
			path = LogIn;
			sourceTree = "<group>";
		};
		4AD0345621F0AB9A00FDA967 /* SignUp */ = {
			isa = PBXGroup;
			children = (
				4AD0348921F0FF6700FDA967 /* SignUpVC.swift */,
				4AD034B521F2041100FDA967 /* SelectProfilePictureVC.swift */,
				4AD034CA21F2258000FDA967 /* SelectJobPositionVC.swift */,
				4AD4AF6C21FE435D001F5AEF /* SelectFavouriteCategoriesVC.swift */,
			);
			path = SignUp;
			sourceTree = "<group>";
		};
		4AD0345C21F0AC1300FDA967 /* Constants */ = {
			isa = PBXGroup;
			children = (
				4AD0346221F0AE1500FDA967 /* Colours.swift */,
				4AD0346421F0AF8D00FDA967 /* Fonts.swift */,
				4AD034B121F1EA4100FDA967 /* Routes.swift */,
				4A717E2A22369141008EED78 /* Sizes.swift */,
			);
			path = Constants;
			sourceTree = "<group>";
		};
		4AD0346821F0B19B00FDA967 /* Base */ = {
			isa = PBXGroup;
			children = (
				4AD0346921F0B1AB00FDA967 /* BaseView.swift */,
				4AD0348021F0D32C00FDA967 /* BaseLabel.swift */,
				4A9F4B3A21F3B12500EDDE8B /* BaseCell.swift */,
				4A8086EB222837AD0007BDEB /* BaseCollectionReusableView.swift */,
			);
			path = Base;
			sourceTree = "<group>";
		};
		4AD0347621F0C20300FDA967 /* Shared */ = {
			isa = PBXGroup;
			children = (
				4A8086DE2227FF160007BDEB /* NavigationCollectionView */,
				4AF3A6032232CE9F0084479F /* SectionViews */,
				4A57EEEA22258D35008A96D0 /* Cells */,
				4AD0348621F0FACC00FDA967 /* Buttons */,
				4AD0347721F0C21D00FDA967 /* PaddedBorderView.swift */,
				4AD0348221F0D36A00FDA967 /* TitleLabel.swift */,
				4AD0348421F0D82100FDA967 /* CustomInputView.swift */,
				4A8086ED2228494D0007BDEB /* GradientView.swift */,
			);
			path = Shared;
			sourceTree = "<group>";
		};
		4AD0348621F0FACC00FDA967 /* Buttons */ = {
			isa = PBXGroup;
			children = (
				4AD0347A21F0C3BC00FDA967 /* RedRoundedButton.swift */,
				4AD0348721F0FB3A00FDA967 /* GreyBorderRoundedButton.swift */,
				4A3DA2852200B8DA005207D8 /* RoundProfilePictureView.swift */,
			);
			path = Buttons;
			sourceTree = "<group>";
		};
		4AD0349121F1432500FDA967 /* HelperMethods */ = {
			isa = PBXGroup;
			children = (
				4AD0349221F1433000FDA967 /* Authentication */,
			);
			path = HelperMethods;
			sourceTree = "<group>";
		};
		4AD0349221F1433000FDA967 /* Authentication */ = {
			isa = PBXGroup;
			children = (
				4AD0349321F1434200FDA967 /* AuthenticationHelperMethods.swift */,
			);
			path = Authentication;
			sourceTree = "<group>";
		};
		4AD0349521F150A300FDA967 /* Modals */ = {
			isa = PBXGroup;
			children = (
				4A3DA28F220113E7005207D8 /* Calendar */,
				4AD0349621F150CD00FDA967 /* CustomModalOverlay.swift */,
				4AD034B321F1F05F00FDA967 /* CustomErrorMessageModal.swift */,
				4AD034CC21F226B100FDA967 /* CustomInfoWindowModal.swift */,
			);
			path = Modals;
			sourceTree = "<group>";
		};
		4AD0349B21F1E3F700FDA967 /* Authentication */ = {
			isa = PBXGroup;
			children = (
				4AD034A021F1E58B00FDA967 /* Services */,
				4AD0349F21F1E56800FDA967 /* Utilities */,
				4AD0349E21F1E47800FDA967 /* Controllers */,
				4AD0349D21F1E45400FDA967 /* Views */,
				4AD0349C21F1E40800FDA967 /* Models */,
			);
			path = Authentication;
			sourceTree = "<group>";
		};
		4AD0349C21F1E40800FDA967 /* Models */ = {
			isa = PBXGroup;
			children = (
				4AD0348F21F1416800FDA967 /* AuthenticationModels.swift */,
			);
			path = Models;
			sourceTree = "<group>";
		};
		4AD0349D21F1E45400FDA967 /* Views */ = {
			isa = PBXGroup;
			children = (
				4AD0347221F0B4AB00FDA967 /* AuthenticationNavBar.swift */,
			);
			path = Views;
			sourceTree = "<group>";
		};
		4AD0349E21F1E47800FDA967 /* Controllers */ = {
			isa = PBXGroup;
			children = (
				4AD0345521F0AB9300FDA967 /* LogIn */,
				4AD0345621F0AB9A00FDA967 /* SignUp */,
			);
			path = Controllers;
			sourceTree = "<group>";
		};
		4AD0349F21F1E56800FDA967 /* Utilities */ = {
			isa = PBXGroup;
			children = (
				4AD0349121F1432500FDA967 /* HelperMethods */,
			);
			path = Utilities;
			sourceTree = "<group>";
		};
		4AD034A021F1E58B00FDA967 /* Services */ = {
			isa = PBXGroup;
			children = (
				4AD034A121F1E59E00FDA967 /* AuthenticationService.swift */,
			);
			path = Services;
			sourceTree = "<group>";
		};
		4AD034A321F1E88100FDA967 /* Shared */ = {
			isa = PBXGroup;
			children = (
				4AF55E13223A8ADC004AD7BC /* Models */,
				4AF3A606223336080084479F /* Controllers */,
				4A3DA28E22010D4B005207D8 /* Services */,
				4AD4AF7721FE6B39001F5AEF /* Utilities */,
				4AD4AF6E21FE56AC001F5AEF /* Categories */,
				4AD034CE21F2519F00FDA967 /* Jobs */,
				4AD0349521F150A300FDA967 /* Modals */,
				4AD034AB21F1E95E00FDA967 /* User */,
			);
			path = Shared;
			sourceTree = "<group>";
		};
		4AD034A421F1E88A00FDA967 /* Services */ = {
			isa = PBXGroup;
			children = (
				4AD034A521F1E89F00FDA967 /* UserService.swift */,
			);
			path = Services;
			sourceTree = "<group>";
		};
		4AD034AB21F1E95E00FDA967 /* User */ = {
			isa = PBXGroup;
			children = (
				4AD034AD21F1E98700FDA967 /* Utilities */,
				4AD034AC21F1E97F00FDA967 /* Models */,
				4AD034A421F1E88A00FDA967 /* Services */,
			);
			path = User;
			sourceTree = "<group>";
		};
		4AD034AC21F1E97F00FDA967 /* Models */ = {
			isa = PBXGroup;
			children = (
				4AD034AF21F1E9BA00FDA967 /* UserModels.swift */,
			);
			path = Models;
			sourceTree = "<group>";
		};
		4AD034AD21F1E98700FDA967 /* Utilities */ = {
			isa = PBXGroup;
			children = (
				4AD034AE21F1E98E00FDA967 /* HelperMethods */,
			);
			path = Utilities;
			sourceTree = "<group>";
		};
		4AD034AE21F1E98E00FDA967 /* HelperMethods */ = {
			isa = PBXGroup;
			children = (
				4AD034A821F1E8CB00FDA967 /* UserServiceHelperMethods.swift */,
			);
			path = HelperMethods;
			sourceTree = "<group>";
		};
		4AD034B721F2056100FDA967 /* MainApp */ = {
			isa = PBXGroup;
			children = (
				4A734B5C2220448F005EE2CC /* Profile */,
				4AD034BD21F2078D00FDA967 /* Camera */,
				4AD034BC21F2078500FDA967 /* Categories */,
				4AD034BB21F2076A00FDA967 /* Search */,
				4AD034BA21F2076000FDA967 /* Home */,
				4AD034B821F205AF00FDA967 /* MainAppNavigationVC.swift */,
			);
			path = MainApp;
			sourceTree = "<group>";
		};
		4AD034BA21F2076000FDA967 /* Home */ = {
			isa = PBXGroup;
			children = (
				4A8086D72227FE060007BDEB /* Views */,
				4AD034BE21F207A800FDA967 /* Controllers */,
			);
			path = Home;
			sourceTree = "<group>";
		};
		4AD034BB21F2076A00FDA967 /* Search */ = {
			isa = PBXGroup;
			children = (
				4AD034C121F2081200FDA967 /* Controllers */,
			);
			path = Search;
			sourceTree = "<group>";
		};
		4AD034BC21F2078500FDA967 /* Categories */ = {
			isa = PBXGroup;
			children = (
				4A8399DB2238160E00CDC005 /* Views */,
				4AD034C421F2084000FDA967 /* Controllers */,
			);
			path = Categories;
			sourceTree = "<group>";
		};
		4AD034BD21F2078D00FDA967 /* Camera */ = {
			isa = PBXGroup;
			children = (
				4AD034C721F2089C00FDA967 /* Controllers */,
			);
			path = Camera;
			sourceTree = "<group>";
		};
		4AD034BE21F207A800FDA967 /* Controllers */ = {
			isa = PBXGroup;
			children = (
				4AD034BF21F207C700FDA967 /* HomeVC.swift */,
			);
			path = Controllers;
			sourceTree = "<group>";
		};
		4AD034C121F2081200FDA967 /* Controllers */ = {
			isa = PBXGroup;
			children = (
				4A5D45972240F943000AB2D0 /* Views */,
				4AD034C221F2082000FDA967 /* SearchVC.swift */,
				4A5D459C22410BD3000AB2D0 /* SearchResultsVC.swift */,
			);
			path = Controllers;
			sourceTree = "<group>";
		};
		4AD034C421F2084000FDA967 /* Controllers */ = {
			isa = PBXGroup;
			children = (
				4AD034C521F2084F00FDA967 /* CategoriesVC.swift */,
			);
			path = Controllers;
			sourceTree = "<group>";
		};
		4AD034C721F2089C00FDA967 /* Controllers */ = {
			isa = PBXGroup;
			children = (
				4AD034C821F208B300FDA967 /* CameraVC.swift */,
			);
			path = Controllers;
			sourceTree = "<group>";
		};
		4AD034CE21F2519F00FDA967 /* Jobs */ = {
			isa = PBXGroup;
			children = (
				4A9F4B3821F3B0F400EDDE8B /* Views */,
				4AD034D221F2522C00FDA967 /* Models */,
				4AD034CF21F251B700FDA967 /* Services */,
			);
			path = Jobs;
			sourceTree = "<group>";
		};
		4AD034CF21F251B700FDA967 /* Services */ = {
			isa = PBXGroup;
			children = (
				4AD034D021F251DB00FDA967 /* JobService.swift */,
			);
			path = Services;
			sourceTree = "<group>";
		};
		4AD034D221F2522C00FDA967 /* Models */ = {
			isa = PBXGroup;
			children = (
				4AD034D321F2523D00FDA967 /* JobModels.swift */,
			);
			path = Models;
			sourceTree = "<group>";
		};
		4AD4AF6E21FE56AC001F5AEF /* Categories */ = {
			isa = PBXGroup;
			children = (
				4AD4AF7221FE56C8001F5AEF /* Services */,
				4AD4AF7121FE56C2001F5AEF /* Models */,
				4AD4AF6F21FE56B5001F5AEF /* Views */,
			);
			path = Categories;
			sourceTree = "<group>";
		};
		4AD4AF6F21FE56B5001F5AEF /* Views */ = {
			isa = PBXGroup;
			children = (
				4AD4AF7021FE56B9001F5AEF /* Cells */,
			);
			path = Views;
			sourceTree = "<group>";
		};
		4AD4AF7021FE56B9001F5AEF /* Cells */ = {
			isa = PBXGroup;
			children = (
				4AD4AF7B21FE7210001F5AEF /* CategoryCell.swift */,
			);
			path = Cells;
			sourceTree = "<group>";
		};
		4AD4AF7121FE56C2001F5AEF /* Models */ = {
			isa = PBXGroup;
			children = (
			);
			path = Models;
			sourceTree = "<group>";
		};
		4AD4AF7221FE56C8001F5AEF /* Services */ = {
			isa = PBXGroup;
			children = (
				4AD4AF7321FE56DD001F5AEF /* CategoriesService.swift */,
			);
			path = Services;
			sourceTree = "<group>";
		};
		4AD4AF7721FE6B39001F5AEF /* Utilities */ = {
			isa = PBXGroup;
			children = (
				4AD4AF7821FE6B59001F5AEF /* Categories */,
			);
			path = Utilities;
			sourceTree = "<group>";
		};
		4AD4AF7821FE6B59001F5AEF /* Categories */ = {
			isa = PBXGroup;
			children = (
				4AD4AF7921FE6B6B001F5AEF /* CategoriesUtilities.swift */,
			);
			path = Categories;
			sourceTree = "<group>";
		};
		4AF3A6032232CE9F0084479F /* SectionViews */ = {
			isa = PBXGroup;
			children = (
				4AF3A5F72232AF3A0084479F /* TaggedFriendsSectionView.swift */,
				4AF3A6042232CEB80084479F /* SectionViewActionDelegate.swift */,
				4AF3A5F92232B1850084479F /* TaggedEventsSectionView.swift */,
				4AF3A5FB2232B6990084479F /* TaggedCategoriesSectionView.swift */,
				4AF3A5FD2232BD020084479F /* TaggedKeywordsSectionView.swift */,
				4AF3A5FF2232C1EB0084479F /* TaggedLocationSectionView.swift */,
			);
			path = SectionViews;
			sourceTree = "<group>";
		};
		4AF3A606223336080084479F /* Controllers */ = {
			isa = PBXGroup;
			children = (
				4AA887EB223AB9860037BF5B /* SubCategoryVC */,
				4AF3A609223336370084479F /* OtherUserProfileVC */,
			);
			path = Controllers;
			sourceTree = "<group>";
		};
		4AF3A609223336370084479F /* OtherUserProfileVC */ = {
			isa = PBXGroup;
			children = (
				4AF3A60B223336530084479F /* Views */,
				4AF3A60A223336460084479F /* Controllers */,
			);
			name = OtherUserProfileVC;
			sourceTree = "<group>";
		};
		4AF3A60A223336460084479F /* Controllers */ = {
			isa = PBXGroup;
			children = (
				4AF3A607223336260084479F /* OtherUserProfileVC.swift */,
			);
			name = Controllers;
			sourceTree = "<group>";
		};
		4AF3A60B223336530084479F /* Views */ = {
			isa = PBXGroup;
			children = (
				4AF3A60C223337050084479F /* OtherUserProfileNavBar.swift */,
			);
			name = Views;
			sourceTree = "<group>";
		};
		4AF55E13223A8ADC004AD7BC /* Models */ = {
			isa = PBXGroup;
			children = (
				4AD4AF7521FE5C2E001F5AEF /* Category.swift */,
				4AF55E18223A8D45004AD7BC /* NavigationCellContent.swift */,
			);
			path = Models;
			sourceTree = "<group>";
		};
		4AF55E1B223A9BD7004AD7BC /* Views */ = {
			isa = PBXGroup;
			children = (
				4AF55E1F223AA777004AD7BC /* SubCategoryNavBar.swift */,
			);
			path = Views;
			sourceTree = "<group>";
		};
		4AF55E1C223A9BDD004AD7BC /* Controllers */ = {
			isa = PBXGroup;
			children = (
				4AF55E1D223A9C0A004AD7BC /* SubCategoryVC.swift */,
			);
			path = Controllers;
			sourceTree = "<group>";
		};
		A86E6858FE17E57995713E5A /* Pods */ = {
			isa = PBXGroup;
			children = (
				0E1DA150F4DB12B06C2DE62A /* Pods-Ditlo.debug.xcconfig */,
				619C304BBF4A8D9C23D1C63B /* Pods-Ditlo.release.xcconfig */,
			);
			name = Pods;
			sourceTree = "<group>";
		};
		FA6A4B4E3B88256BF549FCA1 /* Frameworks */ = {
			isa = PBXGroup;
			children = (
				094A326AF3003C651BFD23F5 /* Pods_Ditlo.framework */,
			);
			name = Frameworks;
			sourceTree = "<group>";
		};
/* End PBXGroup section */

/* Begin PBXNativeTarget section */
		4AD0343021F0A43300FDA967 /* Ditlo */ = {
			isa = PBXNativeTarget;
			buildConfigurationList = 4AD0344321F0A43500FDA967 /* Build configuration list for PBXNativeTarget "Ditlo" */;
			buildPhases = (
				56F487DE48519E9E5AB08D0E /* [CP] Check Pods Manifest.lock */,
				4AD0342D21F0A43300FDA967 /* Sources */,
				4AD0342E21F0A43300FDA967 /* Frameworks */,
				4AD0342F21F0A43300FDA967 /* Resources */,
				770E5FD9089936EDCFAAB9EC /* [CP] Embed Pods Frameworks */,
				1C659DE39799F90AE63FD667 /* [CP] Copy Pods Resources */,
			);
			buildRules = (
			);
			dependencies = (
			);
			name = Ditlo;
			productName = Ditlo;
			productReference = 4AD0343121F0A43300FDA967 /* Ditlo.app */;
			productType = "com.apple.product-type.application";
		};
/* End PBXNativeTarget section */

/* Begin PBXProject section */
		4AD0342921F0A43300FDA967 /* Project object */ = {
			isa = PBXProject;
			attributes = {
				LastSwiftUpdateCheck = 1010;
				LastUpgradeCheck = 1010;
				ORGANIZATIONNAME = harryferrier;
				TargetAttributes = {
					4AD0343021F0A43300FDA967 = {
						CreatedOnToolsVersion = 10.1;
					};
				};
			};
			buildConfigurationList = 4AD0342C21F0A43300FDA967 /* Build configuration list for PBXProject "Ditlo" */;
			compatibilityVersion = "Xcode 9.3";
			developmentRegion = en;
			hasScannedForEncodings = 0;
			knownRegions = (
				en,
				Base,
			);
			mainGroup = 4AD0342821F0A43300FDA967;
			productRefGroup = 4AD0343221F0A43300FDA967 /* Products */;
			projectDirPath = "";
			projectRoot = "";
			targets = (
				4AD0343021F0A43300FDA967 /* Ditlo */,
			);
		};
/* End PBXProject section */

/* Begin PBXResourcesBuildPhase section */
		4AD0342F21F0A43300FDA967 /* Resources */ = {
			isa = PBXResourcesBuildPhase;
			buildActionMask = 2147483647;
			files = (
				4AD0343F21F0A43500FDA967 /* LaunchScreen.storyboard in Resources */,
				4AD0343C21F0A43500FDA967 /* Assets.xcassets in Resources */,
				4AD0345321F0A9ED00FDA967 /* GoogleService-Info.plist in Resources */,
			);
			runOnlyForDeploymentPostprocessing = 0;
		};
/* End PBXResourcesBuildPhase section */

/* Begin PBXShellScriptBuildPhase section */
		1C659DE39799F90AE63FD667 /* [CP] Copy Pods Resources */ = {
			isa = PBXShellScriptBuildPhase;
			buildActionMask = 2147483647;
			files = (
			);
			inputPaths = (
				"${SRCROOT}/Pods/Target Support Files/Pods-Ditlo/Pods-Ditlo-resources.sh",
				"${PODS_CONFIGURATION_BUILD_DIR}/FirebaseFirestore/gRPCCertificates-Firestore.bundle",
			);
			name = "[CP] Copy Pods Resources";
			outputPaths = (
				"${TARGET_BUILD_DIR}/${UNLOCALIZED_RESOURCES_FOLDER_PATH}/gRPCCertificates-Firestore.bundle",
			);
			runOnlyForDeploymentPostprocessing = 0;
			shellPath = /bin/sh;
			shellScript = "\"${SRCROOT}/Pods/Target Support Files/Pods-Ditlo/Pods-Ditlo-resources.sh\"\n";
			showEnvVarsInLog = 0;
		};
		56F487DE48519E9E5AB08D0E /* [CP] Check Pods Manifest.lock */ = {
			isa = PBXShellScriptBuildPhase;
			buildActionMask = 2147483647;
			files = (
			);
			inputPaths = (
				"${PODS_PODFILE_DIR_PATH}/Podfile.lock",
				"${PODS_ROOT}/Manifest.lock",
			);
			name = "[CP] Check Pods Manifest.lock";
			outputPaths = (
				"$(DERIVED_FILE_DIR)/Pods-Ditlo-checkManifestLockResult.txt",
			);
			runOnlyForDeploymentPostprocessing = 0;
			shellPath = /bin/sh;
			shellScript = "diff \"${PODS_PODFILE_DIR_PATH}/Podfile.lock\" \"${PODS_ROOT}/Manifest.lock\" > /dev/null\nif [ $? != 0 ] ; then\n    # print error to STDERR\n    echo \"error: The sandbox is not in sync with the Podfile.lock. Run 'pod install' or update your CocoaPods installation.\" >&2\n    exit 1\nfi\n# This output is used by Xcode 'outputs' to avoid re-running this script phase.\necho \"SUCCESS\" > \"${SCRIPT_OUTPUT_FILE_0}\"\n";
			showEnvVarsInLog = 0;
		};
		770E5FD9089936EDCFAAB9EC /* [CP] Embed Pods Frameworks */ = {
			isa = PBXShellScriptBuildPhase;
			buildActionMask = 2147483647;
			files = (
			);
			inputPaths = (
				"${SRCROOT}/Pods/Target Support Files/Pods-Ditlo/Pods-Ditlo-frameworks.sh",
				"${BUILT_PRODUCTS_DIR}/BoringSSL/openssl.framework",
				"${BUILT_PRODUCTS_DIR}/DGCollectionViewLeftAlignFlowLayout/DGCollectionViewLeftAlignFlowLayout.framework",
				"${BUILT_PRODUCTS_DIR}/GTMSessionFetcher/GTMSessionFetcher.framework",
				"${BUILT_PRODUCTS_DIR}/GoogleUtilities/GoogleUtilities.framework",
				"${BUILT_PRODUCTS_DIR}/JTAppleCalendar/JTAppleCalendar.framework",
				"${BUILT_PRODUCTS_DIR}/MDFTextAccessibility/MDFTextAccessibility.framework",
				"${BUILT_PRODUCTS_DIR}/MarqueeLabel/MarqueeLabel.framework",
				"${BUILT_PRODUCTS_DIR}/MaterialComponents/MaterialComponents.framework",
				"${BUILT_PRODUCTS_DIR}/Protobuf/Protobuf.framework",
				"${BUILT_PRODUCTS_DIR}/SPStorkController/SPStorkController.framework",
				"${BUILT_PRODUCTS_DIR}/gRPC-C++/grpcpp.framework",
				"${BUILT_PRODUCTS_DIR}/gRPC-Core/grpc.framework",
				"${BUILT_PRODUCTS_DIR}/leveldb-library/leveldb.framework",
				"${BUILT_PRODUCTS_DIR}/nanopb/nanopb.framework",
			);
			name = "[CP] Embed Pods Frameworks";
			outputPaths = (
				"${TARGET_BUILD_DIR}/${FRAMEWORKS_FOLDER_PATH}/openssl.framework",
				"${TARGET_BUILD_DIR}/${FRAMEWORKS_FOLDER_PATH}/DGCollectionViewLeftAlignFlowLayout.framework",
				"${TARGET_BUILD_DIR}/${FRAMEWORKS_FOLDER_PATH}/GTMSessionFetcher.framework",
				"${TARGET_BUILD_DIR}/${FRAMEWORKS_FOLDER_PATH}/GoogleUtilities.framework",
				"${TARGET_BUILD_DIR}/${FRAMEWORKS_FOLDER_PATH}/JTAppleCalendar.framework",
				"${TARGET_BUILD_DIR}/${FRAMEWORKS_FOLDER_PATH}/MDFTextAccessibility.framework",
				"${TARGET_BUILD_DIR}/${FRAMEWORKS_FOLDER_PATH}/MarqueeLabel.framework",
				"${TARGET_BUILD_DIR}/${FRAMEWORKS_FOLDER_PATH}/MaterialComponents.framework",
				"${TARGET_BUILD_DIR}/${FRAMEWORKS_FOLDER_PATH}/Protobuf.framework",
				"${TARGET_BUILD_DIR}/${FRAMEWORKS_FOLDER_PATH}/SPStorkController.framework",
				"${TARGET_BUILD_DIR}/${FRAMEWORKS_FOLDER_PATH}/grpcpp.framework",
				"${TARGET_BUILD_DIR}/${FRAMEWORKS_FOLDER_PATH}/grpc.framework",
				"${TARGET_BUILD_DIR}/${FRAMEWORKS_FOLDER_PATH}/leveldb.framework",
				"${TARGET_BUILD_DIR}/${FRAMEWORKS_FOLDER_PATH}/nanopb.framework",
			);
			runOnlyForDeploymentPostprocessing = 0;
			shellPath = /bin/sh;
			shellScript = "\"${SRCROOT}/Pods/Target Support Files/Pods-Ditlo/Pods-Ditlo-frameworks.sh\"\n";
			showEnvVarsInLog = 0;
		};
/* End PBXShellScriptBuildPhase section */

/* Begin PBXSourcesBuildPhase section */
		4AD0342D21F0A43300FDA967 /* Sources */ = {
			isa = PBXSourcesBuildPhase;
			buildActionMask = 2147483647;
			files = (
				4AD0346F21F0B30900FDA967 /* UIView.swift in Sources */,
				4A717DEF22316A35008DE1F8 /* SectionCell.swift in Sources */,
				4AD034B621F2041100FDA967 /* SelectProfilePictureVC.swift in Sources */,
				4A3DA28A2200D34F005207D8 /* CustomCalendarModal.swift in Sources */,
				4AF3A608223336260084479F /* OtherUserProfileVC.swift in Sources */,
				4AF3A6052232CEB80084479F /* SectionViewActionDelegate.swift in Sources */,
				4AD0347D21F0C7D000FDA967 /* String.swift in Sources */,
				4AD0347B21F0C3BC00FDA967 /* RedRoundedButton.swift in Sources */,
				4AD034CB21F2258000FDA967 /* SelectJobPositionVC.swift in Sources */,
				4AD034B421F1F05F00FDA967 /* CustomErrorMessageModal.swift in Sources */,
				4A57EEEC22258D8D008A96D0 /* NavigationCell.swift in Sources */,
				4A8399DA2238098700CDC005 /* MyProfileNavBar.swift in Sources */,
				4AD0349021F1416800FDA967 /* AuthenticationModels.swift in Sources */,
				4AD034C621F2084F00FDA967 /* CategoriesVC.swift in Sources */,
				4AD034B221F1EA4100FDA967 /* Routes.swift in Sources */,
				4A8086EE2228494D0007BDEB /* GradientView.swift in Sources */,
				4AD034B921F205AF00FDA967 /* MainAppNavigationVC.swift in Sources */,
				4AD034D121F251DB00FDA967 /* JobService.swift in Sources */,
				4AD0347321F0B4AB00FDA967 /* AuthenticationNavBar.swift in Sources */,
				4A8399DF2238780300CDC005 /* UITabBarController.swift in Sources */,
				4AF3A6022232CDFE0084479F /* TestVC.swift in Sources */,
				4A5D459D22410BD3000AB2D0 /* SearchResultsVC.swift in Sources */,
				4AD0348821F0FB3A00FDA967 /* GreyBorderRoundedButton.swift in Sources */,
				4A5D459B22410BBE000AB2D0 /* SearchResultsNavBar.swift in Sources */,
				4A8399D72237EB5000CDC005 /* ProfileHeaderCell.swift in Sources */,
				4AD0348121F0D32C00FDA967 /* BaseLabel.swift in Sources */,
				4AF3A60D223337050084479F /* OtherUserProfileNavBar.swift in Sources */,
				4A8086DD2227FEFA0007BDEB /* NavigationCollectionView.swift in Sources */,
				4A3DA29122011428005207D8 /* CustomCalendarCell.swift in Sources */,
				4A028984222D962D009D6AFE /* DitloPlayerPopupVC.swift in Sources */,
				4AF3A5FE2232BD020084479F /* TaggedKeywordsSectionView.swift in Sources */,
				4AD0349721F150CD00FDA967 /* CustomModalOverlay.swift in Sources */,
				4AD0346521F0AF8D00FDA967 /* Fonts.swift in Sources */,
				4AF55E1E223A9C0A004AD7BC /* SubCategoryVC.swift in Sources */,
				4AD0348A21F0FF6700FDA967 /* SignUpVC.swift in Sources */,
				4A8086D92227FE3E0007BDEB /* HomeDitloNavBar.swift in Sources */,
				4AF3A5FC2232B6990084479F /* TaggedCategoriesSectionView.swift in Sources */,
				4A3DA293220123BB005207D8 /* Date.swift in Sources */,
				4AD034B021F1E9BA00FDA967 /* UserModels.swift in Sources */,
				4AF3A5F62232AADB0084479F /* EventCell.swift in Sources */,
				4AD034C021F207C700FDA967 /* HomeVC.swift in Sources */,
				4A717E2B22369141008EED78 /* Sizes.swift in Sources */,
				4A028980222D7C50009D6AFE /* LargeDitloItemCell.swift in Sources */,
				4AD0346321F0AE1500FDA967 /* Colours.swift in Sources */,
				4A8399DD2238167100CDC005 /* CategoriesNavBar.swift in Sources */,
				4AD0345121F0A7E400FDA967 /* UINavigationController.swift in Sources */,
				4AD4AF6D21FE435D001F5AEF /* SelectFavouriteCategoriesVC.swift in Sources */,
				4AF55E20223AA777004AD7BC /* SubCategoryNavBar.swift in Sources */,
				4AF55E19223A8D45004AD7BC /* NavigationCellContent.swift in Sources */,
				4AC768A0220CDF160086FF17 /* DummyDitloService.swift in Sources */,
				4AD4AF7C21FE7210001F5AEF /* CategoryCell.swift in Sources */,
				4AD0347F21F0CE9400FDA967 /* ForgotPasswordVC.swift in Sources */,
				4A3DA28D220107FC005207D8 /* SharedModalsService.swift in Sources */,
				4AD0343521F0A43300FDA967 /* AppDelegate.swift in Sources */,
				4A028982222D7C62009D6AFE /* DefaultDitloItemCell.swift in Sources */,
				4A734B5F222044B7005EE2CC /* MyProfileVC.swift in Sources */,
				4AD0345821F0ABB900FDA967 /* LogInVC.swift in Sources */,
				4A5D45992240F97C000AB2D0 /* SearchNavBar.swift in Sources */,
				4A3DA2862200B8DA005207D8 /* RoundProfilePictureView.swift in Sources */,
				4AF3A6002232C1EB0084479F /* TaggedLocationSectionView.swift in Sources */,
				4AB7AB9822008A1800A2A8DD /* UILabel.swift in Sources */,
				4AD034C921F208B300FDA967 /* CameraVC.swift in Sources */,
				4AD0348521F0D82100FDA967 /* CustomInputView.swift in Sources */,
				4AD034A921F1E8CB00FDA967 /* UserServiceHelperMethods.swift in Sources */,
				4AD4AF7621FE5C2E001F5AEF /* Category.swift in Sources */,
				4AD034C321F2082000FDA967 /* SearchVC.swift in Sources */,
				4AD0347821F0C21D00FDA967 /* PaddedBorderView.swift in Sources */,
				4AD0348321F0D36A00FDA967 /* TitleLabel.swift in Sources */,
				4A9F4B3B21F3B12500EDDE8B /* BaseCell.swift in Sources */,
				4AD034CD21F226B100FDA967 /* CustomInfoWindowModal.swift in Sources */,
				4A717DF1223172B4008DE1F8 /* UserCell.swift in Sources */,
				4AD0346A21F0B1AB00FDA967 /* BaseView.swift in Sources */,
				4AD4AF7A21FE6B6B001F5AEF /* CategoriesUtilities.swift in Sources */,
				4AF3A5FA2232B1850084479F /* TaggedEventsSectionView.swift in Sources */,
				4AD034D421F2523D00FDA967 /* JobModels.swift in Sources */,
				4AD034A621F1E89F00FDA967 /* UserService.swift in Sources */,
				4AF3A5F82232AF3A0084479F /* TaggedFriendsSectionView.swift in Sources */,
				4A9F4B4821F3F5F500EDDE8B /* LoadingContentView.swift in Sources */,
				4A9F4B3D21F3B1A500EDDE8B /* JobSelectorCell.swift in Sources */,
				4AD4AF7421FE56DD001F5AEF /* CategoriesService.swift in Sources */,
				4A8086EC222837AD0007BDEB /* BaseCollectionReusableView.swift in Sources */,
				4AD0349421F1434200FDA967 /* AuthenticationHelperMethods.swift in Sources */,
				4AD0347521F0B76F00FDA967 /* UIColor.swift in Sources */,
				4AD034A221F1E59E00FDA967 /* AuthenticationService.swift in Sources */,
			);
			runOnlyForDeploymentPostprocessing = 0;
		};
/* End PBXSourcesBuildPhase section */

/* Begin PBXVariantGroup section */
		4AD0343D21F0A43500FDA967 /* LaunchScreen.storyboard */ = {
			isa = PBXVariantGroup;
			children = (
				4AD0343E21F0A43500FDA967 /* Base */,
			);
			name = LaunchScreen.storyboard;
			sourceTree = "<group>";
		};
/* End PBXVariantGroup section */

/* Begin XCBuildConfiguration section */
		4AD0344121F0A43500FDA967 /* Debug */ = {
			isa = XCBuildConfiguration;
			buildSettings = {
				ALWAYS_SEARCH_USER_PATHS = NO;
				CLANG_ANALYZER_NONNULL = YES;
				CLANG_ANALYZER_NUMBER_OBJECT_CONVERSION = YES_AGGRESSIVE;
				CLANG_CXX_LANGUAGE_STANDARD = "gnu++14";
				CLANG_CXX_LIBRARY = "libc++";
				CLANG_ENABLE_MODULES = YES;
				CLANG_ENABLE_OBJC_ARC = YES;
				CLANG_ENABLE_OBJC_WEAK = YES;
				CLANG_WARN_BLOCK_CAPTURE_AUTORELEASING = YES;
				CLANG_WARN_BOOL_CONVERSION = YES;
				CLANG_WARN_COMMA = YES;
				CLANG_WARN_CONSTANT_CONVERSION = YES;
				CLANG_WARN_DEPRECATED_OBJC_IMPLEMENTATIONS = YES;
				CLANG_WARN_DIRECT_OBJC_ISA_USAGE = YES_ERROR;
				CLANG_WARN_DOCUMENTATION_COMMENTS = YES;
				CLANG_WARN_EMPTY_BODY = YES;
				CLANG_WARN_ENUM_CONVERSION = YES;
				CLANG_WARN_INFINITE_RECURSION = YES;
				CLANG_WARN_INT_CONVERSION = YES;
				CLANG_WARN_NON_LITERAL_NULL_CONVERSION = YES;
				CLANG_WARN_OBJC_IMPLICIT_RETAIN_SELF = YES;
				CLANG_WARN_OBJC_LITERAL_CONVERSION = YES;
				CLANG_WARN_OBJC_ROOT_CLASS = YES_ERROR;
				CLANG_WARN_RANGE_LOOP_ANALYSIS = YES;
				CLANG_WARN_STRICT_PROTOTYPES = YES;
				CLANG_WARN_SUSPICIOUS_MOVE = YES;
				CLANG_WARN_UNGUARDED_AVAILABILITY = YES_AGGRESSIVE;
				CLANG_WARN_UNREACHABLE_CODE = YES;
				CLANG_WARN__DUPLICATE_METHOD_MATCH = YES;
				CODE_SIGN_IDENTITY = "iPhone Developer";
				COPY_PHASE_STRIP = NO;
				DEBUG_INFORMATION_FORMAT = dwarf;
				ENABLE_STRICT_OBJC_MSGSEND = YES;
				ENABLE_TESTABILITY = YES;
				GCC_C_LANGUAGE_STANDARD = gnu11;
				GCC_DYNAMIC_NO_PIC = NO;
				GCC_NO_COMMON_BLOCKS = YES;
				GCC_OPTIMIZATION_LEVEL = 0;
				GCC_PREPROCESSOR_DEFINITIONS = (
					"DEBUG=1",
					"$(inherited)",
				);
				GCC_WARN_64_TO_32_BIT_CONVERSION = YES;
				GCC_WARN_ABOUT_RETURN_TYPE = YES_ERROR;
				GCC_WARN_UNDECLARED_SELECTOR = YES;
				GCC_WARN_UNINITIALIZED_AUTOS = YES_AGGRESSIVE;
				GCC_WARN_UNUSED_FUNCTION = YES;
				GCC_WARN_UNUSED_VARIABLE = YES;
				IPHONEOS_DEPLOYMENT_TARGET = 12.1;
				MTL_ENABLE_DEBUG_INFO = INCLUDE_SOURCE;
				MTL_FAST_MATH = YES;
				ONLY_ACTIVE_ARCH = YES;
				SDKROOT = iphoneos;
				SWIFT_ACTIVE_COMPILATION_CONDITIONS = DEBUG;
				SWIFT_OPTIMIZATION_LEVEL = "-Onone";
			};
			name = Debug;
		};
		4AD0344221F0A43500FDA967 /* Release */ = {
			isa = XCBuildConfiguration;
			buildSettings = {
				ALWAYS_SEARCH_USER_PATHS = NO;
				CLANG_ANALYZER_NONNULL = YES;
				CLANG_ANALYZER_NUMBER_OBJECT_CONVERSION = YES_AGGRESSIVE;
				CLANG_CXX_LANGUAGE_STANDARD = "gnu++14";
				CLANG_CXX_LIBRARY = "libc++";
				CLANG_ENABLE_MODULES = YES;
				CLANG_ENABLE_OBJC_ARC = YES;
				CLANG_ENABLE_OBJC_WEAK = YES;
				CLANG_WARN_BLOCK_CAPTURE_AUTORELEASING = YES;
				CLANG_WARN_BOOL_CONVERSION = YES;
				CLANG_WARN_COMMA = YES;
				CLANG_WARN_CONSTANT_CONVERSION = YES;
				CLANG_WARN_DEPRECATED_OBJC_IMPLEMENTATIONS = YES;
				CLANG_WARN_DIRECT_OBJC_ISA_USAGE = YES_ERROR;
				CLANG_WARN_DOCUMENTATION_COMMENTS = YES;
				CLANG_WARN_EMPTY_BODY = YES;
				CLANG_WARN_ENUM_CONVERSION = YES;
				CLANG_WARN_INFINITE_RECURSION = YES;
				CLANG_WARN_INT_CONVERSION = YES;
				CLANG_WARN_NON_LITERAL_NULL_CONVERSION = YES;
				CLANG_WARN_OBJC_IMPLICIT_RETAIN_SELF = YES;
				CLANG_WARN_OBJC_LITERAL_CONVERSION = YES;
				CLANG_WARN_OBJC_ROOT_CLASS = YES_ERROR;
				CLANG_WARN_RANGE_LOOP_ANALYSIS = YES;
				CLANG_WARN_STRICT_PROTOTYPES = YES;
				CLANG_WARN_SUSPICIOUS_MOVE = YES;
				CLANG_WARN_UNGUARDED_AVAILABILITY = YES_AGGRESSIVE;
				CLANG_WARN_UNREACHABLE_CODE = YES;
				CLANG_WARN__DUPLICATE_METHOD_MATCH = YES;
				CODE_SIGN_IDENTITY = "iPhone Developer";
				COPY_PHASE_STRIP = NO;
				DEBUG_INFORMATION_FORMAT = "dwarf-with-dsym";
				ENABLE_NS_ASSERTIONS = NO;
				ENABLE_STRICT_OBJC_MSGSEND = YES;
				GCC_C_LANGUAGE_STANDARD = gnu11;
				GCC_NO_COMMON_BLOCKS = YES;
				GCC_WARN_64_TO_32_BIT_CONVERSION = YES;
				GCC_WARN_ABOUT_RETURN_TYPE = YES_ERROR;
				GCC_WARN_UNDECLARED_SELECTOR = YES;
				GCC_WARN_UNINITIALIZED_AUTOS = YES_AGGRESSIVE;
				GCC_WARN_UNUSED_FUNCTION = YES;
				GCC_WARN_UNUSED_VARIABLE = YES;
				IPHONEOS_DEPLOYMENT_TARGET = 12.1;
				MTL_ENABLE_DEBUG_INFO = NO;
				MTL_FAST_MATH = YES;
				SDKROOT = iphoneos;
				SWIFT_COMPILATION_MODE = wholemodule;
				SWIFT_OPTIMIZATION_LEVEL = "-O";
				VALIDATE_PRODUCT = YES;
			};
			name = Release;
		};
		4AD0344421F0A43500FDA967 /* Debug */ = {
			isa = XCBuildConfiguration;
			baseConfigurationReference = 0E1DA150F4DB12B06C2DE62A /* Pods-Ditlo.debug.xcconfig */;
			buildSettings = {
				ASSETCATALOG_COMPILER_APPICON_NAME = AppIcon;
				CODE_SIGN_STYLE = Automatic;
				DEVELOPMENT_TEAM = 74HAHD97KA;
				INFOPLIST_FILE = "$(SRCROOT)/Ditlo/Core/Info.plist";
				LD_RUNPATH_SEARCH_PATHS = (
					"$(inherited)",
					"@executable_path/Frameworks",
				);
				PRODUCT_BUNDLE_IDENTIFIER = com.harryferrier.Ditlo;
				PRODUCT_NAME = "$(TARGET_NAME)";
				SWIFT_VERSION = 4.2;
				TARGETED_DEVICE_FAMILY = 1;
			};
			name = Debug;
		};
		4AD0344521F0A43500FDA967 /* Release */ = {
			isa = XCBuildConfiguration;
			baseConfigurationReference = 619C304BBF4A8D9C23D1C63B /* Pods-Ditlo.release.xcconfig */;
			buildSettings = {
				ASSETCATALOG_COMPILER_APPICON_NAME = AppIcon;
				CODE_SIGN_STYLE = Automatic;
				DEVELOPMENT_TEAM = 74HAHD97KA;
				INFOPLIST_FILE = "$(SRCROOT)/Ditlo/Core/Info.plist";
				LD_RUNPATH_SEARCH_PATHS = (
					"$(inherited)",
					"@executable_path/Frameworks",
				);
				PRODUCT_BUNDLE_IDENTIFIER = com.harryferrier.Ditlo;
				PRODUCT_NAME = "$(TARGET_NAME)";
				SWIFT_VERSION = 4.2;
				TARGETED_DEVICE_FAMILY = 1;
			};
			name = Release;
		};
/* End XCBuildConfiguration section */

/* Begin XCConfigurationList section */
		4AD0342C21F0A43300FDA967 /* Build configuration list for PBXProject "Ditlo" */ = {
			isa = XCConfigurationList;
			buildConfigurations = (
				4AD0344121F0A43500FDA967 /* Debug */,
				4AD0344221F0A43500FDA967 /* Release */,
			);
			defaultConfigurationIsVisible = 0;
			defaultConfigurationName = Release;
		};
		4AD0344321F0A43500FDA967 /* Build configuration list for PBXNativeTarget "Ditlo" */ = {
			isa = XCConfigurationList;
			buildConfigurations = (
				4AD0344421F0A43500FDA967 /* Debug */,
				4AD0344521F0A43500FDA967 /* Release */,
			);
			defaultConfigurationIsVisible = 0;
			defaultConfigurationName = Release;
		};
/* End XCConfigurationList section */
	};
	rootObject = 4AD0342921F0A43300FDA967 /* Project object */;
}
